// !$*UTF8*$!
{
	archiveVersion = 1;
	classes = {
	};
	objectVersion = 77;
	objects = {

/* Begin PBXContainerItemProxy section */
		753F6AC62F9AB84D00413ED0 /* PBXContainerItemProxy */ = {
			isa = PBXContainerItemProxy;
			containerPortal = 753F6AAE2F9AB84C00413ED0 /* Project object */;
			proxyType = 1;
			remoteGlobalIDString = 753F6AB52F9AB84C00413ED0;
			remoteInfo = VibeWindowManagerIOS;
		};
		753F6AD02F9AB84D00413ED0 /* PBXContainerItemProxy */ = {
			isa = PBXContainerItemProxy;
			containerPortal = 753F6AAE2F9AB84C00413ED0 /* Project object */;
			proxyType = 1;
			remoteGlobalIDString = 753F6AB52F9AB84C00413ED0;
			remoteInfo = VibeWindowManagerIOS;
		};
/* End PBXContainerItemProxy section */

/* Begin PBXFileReference section */
		753F6AB62F9AB84C00413ED0 /* VibeWindowManagerIOS.app */ = {isa = PBXFileReference; explicitFileType = wrapper.application; includeInIndex = 0; path = VibeWindowManagerIOS.app; sourceTree = BUILT_PRODUCTS_DIR; };
		753F6AC52F9AB84D00413ED0 /* VibeWindowManagerIOSTests.xctest */ = {isa = PBXFileReference; explicitFileType = wrapper.cfbundle; includeInIndex = 0; path = VibeWindowManagerIOSTests.xctest; sourceTree = BUILT_PRODUCTS_DIR; };
		753F6ACF2F9AB84D00413ED0 /* VibeWindowManagerIOSUITests.xctest */ = {isa = PBXFileReference; explicitFileType = wrapper.cfbundle; includeInIndex = 0; path = VibeWindowManagerIOSUITests.xctest; sourceTree = BUILT_PRODUCTS_DIR; };
/* End PBXFileReference section */

/* Begin PBXFileSystemSynchronizedRootGroup section */
		753F6AB82F9AB84C00413ED0 /* VibeWindowManagerIOS */ = {
			isa = PBXFileSystemSynchronizedRootGroup;
			path = VibeWindowManagerIOS;
			sourceTree = "<group>";
		};
		753F6AC82F9AB84D00413ED0 /* VibeWindowManagerIOSTests */ = {
			isa = PBXFileSystemSynchronizedRootGroup;
			path = VibeWindowManagerIOSTests;
			sourceTree = "<group>";
		};
		753F6AD22F9AB84D00413ED0 /* VibeWindowManagerIOSUITests */ = {
			isa = PBXFileSystemSynchronizedRootGroup;
			path = VibeWindowManagerIOSUITests;
			sourceTree = "<group>";
		};
/* End PBXFileSystemSynchronizedRootGroup section */

/* Begin PBXFrameworksBuildPhase section */
		753F6AB32F9AB84C00413ED0 /* Frameworks */ = {
			isa = PBXFrameworksBuildPhase;
			buildActionMask = 2147483647;
			files = (
			);
			runOnlyForDeploymentPostprocessing = 0;
		};
		753F6AC22F9AB84D00413ED0 /* Frameworks */ = {
			isa = PBXFrameworksBuildPhase;
			buildActionMask = 2147483647;
			files = (
			);
			runOnlyForDeploymentPostprocessing = 0;
		};
		753F6ACC2F9AB84D00413ED0 /* Frameworks */ = {
			isa = PBXFrameworksBuildPhase;
			buildActionMask = 2147483647;
			files = (
			);
			runOnlyForDeploymentPostprocessing = 0;
		};
/* End PBXFrameworksBuildPhase section */

/* Begin PBXGroup section */
		753F6AAD2F9AB84C00413ED0 = {
			isa = PBXGroup;
			children = (
				753F6AB82F9AB84C00413ED0 /* VibeWindowManagerIOS */,
				753F6AC82F9AB84D00413ED0 /* VibeWindowManagerIOSTests */,
				753F6AD22F9AB84D00413ED0 /* VibeWindowManagerIOSUITests */,
				753F6AB72F9AB84C00413ED0 /* Products */,
			);
			sourceTree = "<group>";
		};
		753F6AB72F9AB84C00413ED0 /* Products */ = {
			isa = PBXGroup;
			children = (
				753F6AB62F9AB84C00413ED0 /* VibeWindowManagerIOS.app */,
				753F6AC52F9AB84D00413ED0 /* VibeWindowManagerIOSTests.xctest */,
				753F6ACF2F9AB84D00413ED0 /* VibeWindowManagerIOSUITests.xctest */,
			);
			name = Products;
			sourceTree = "<group>";
		};
/* End PBXGroup section */

/* Begin PBXNativeTarget section */
		753F6AB52F9AB84C00413ED0 /* VibeWindowManagerIOS */ = {
			isa = PBXNativeTarget;
			buildConfigurationList = 753F6AD92F9AB84D00413ED0 /* Build configuration list for PBXNativeTarget "VibeWindowManagerIOS" */;
			buildPhases = (
				753F6AB22F9AB84C00413ED0 /* Sources */,
				753F6AB32F9AB84C00413ED0 /* Frameworks */,
				753F6AB42F9AB84C00413ED0 /* Resources */,
			);
			buildRules = (
			);
			dependencies = (
			);
			fileSystemSynchronizedGroups = (
				753F6AB82F9AB84C00413ED0 /* VibeWindowManagerIOS */,
			);
			name = VibeWindowManagerIOS;
			packageProductDependencies = (
			);
			productName = VibeWindowManagerIOS;
			productReference = 753F6AB62F9AB84C00413ED0 /* VibeWindowManagerIOS.app */;
			productType = "com.apple.product-type.application";
		};
		753F6AC42F9AB84D00413ED0 /* VibeWindowManagerIOSTests */ = {
			isa = PBXNativeTarget;
			buildConfigurationList = 753F6ADC2F9AB84D00413ED0 /* Build configuration list for PBXNativeTarget "VibeWindowManagerIOSTests" */;
			buildPhases = (
				753F6AC12F9AB84D00413ED0 /* Sources */,
				753F6AC22F9AB84D00413ED0 /* Frameworks */,
				753F6AC32F9AB84D00413ED0 /* Resources */,
			);
			buildRules = (
			);
			dependencies = (
				753F6AC72F9AB84D00413ED0 /* PBXTargetDependency */,
			);
			fileSystemSynchronizedGroups = (
				753F6AC82F9AB84D00413ED0 /* VibeWindowManagerIOSTests */,
			);
			name = VibeWindowManagerIOSTests;
			packageProductDependencies = (
			);
			productName = VibeWindowManagerIOSTests;
			productReference = 753F6AC52F9AB84D00413ED0 /* VibeWindowManagerIOSTests.xctest */;
			productType = "com.apple.product-type.bundle.unit-test";
		};
		753F6ACE2F9AB84D00413ED0 /* VibeWindowManagerIOSUITests */ = {
			isa = PBXNativeTarget;
			buildConfigurationList = 753F6ADF2F9AB84D00413ED0 /* Build configuration list for PBXNativeTarget "VibeWindowManagerIOSUITests" */;
			buildPhases = (
				753F6ACB2F9AB84D00413ED0 /* Sources */,
				753F6ACC2F9AB84D00413ED0 /* Frameworks */,
				753F6ACD2F9AB84D00413ED0 /* Resources */,
			);
			buildRules = (
			);
			dependencies = (
				753F6AD12F9AB84D00413ED0 /* PBXTargetDependency */,
			);
			fileSystemSynchronizedGroups = (
				753F6AD22F9AB84D00413ED0 /* VibeWindowManagerIOSUITests */,
			);
			name = VibeWindowManagerIOSUITests;
			packageProductDependencies = (
			);
			productName = VibeWindowManagerIOSUITests;
			productReference = 753F6ACF2F9AB84D00413ED0 /* VibeWindowManagerIOSUITests.xctest */;
			productType = "com.apple.product-type.bundle.ui-testing";
		};
/* End PBXNativeTarget section */

/* Begin PBXProject section */
		753F6AAE2F9AB84C00413ED0 /* Project object */ = {
			isa = PBXProject;
			attributes = {
				BuildIndependentTargetsInParallel = 1;
				LastSwiftUpdateCheck = 2640;
				LastUpgradeCheck = 2640;
				TargetAttributes = {
					753F6AB52F9AB84C00413ED0 = {
						CreatedOnToolsVersion = 26.4.1;
					};
					753F6AC42F9AB84D00413ED0 = {
						CreatedOnToolsVersion = 26.4.1;
						TestTargetID = 753F6AB52F9AB84C00413ED0;
					};
					753F6ACE2F9AB84D00413ED0 = {
						CreatedOnToolsVersion = 26.4.1;
						TestTargetID = 753F6AB52F9AB84C00413ED0;
					};
				};
			};
			buildConfigurationList = 753F6AB12F9AB84C00413ED0 /* Build configuration list for PBXProject "VibeWindowManagerIOS" */;
			developmentRegion = en;
			hasScannedForEncodings = 0;
			knownRegions = (
				en,
				Base,
			);
			mainGroup = 753F6AAD2F9AB84C00413ED0;
			minimizedProjectReferenceProxies = 1;
			preferredProjectObjectVersion = 77;
			productRefGroup = 753F6AB72F9AB84C00413ED0 /* Products */;
			projectDirPath = "";
			projectRoot = "";
			targets = (
				753F6AB52F9AB84C00413ED0 /* VibeWindowManagerIOS */,
				753F6AC42F9AB84D00413ED0 /* VibeWindowManagerIOSTests */,
				753F6ACE2F9AB84D00413ED0 /* VibeWindowManagerIOSUITests */,
			);
		};
/* End PBXProject section */

/* Begin PBXResourcesBuildPhase section */
		753F6AB42F9AB84C00413ED0 /* Resources */ = {
			isa = PBXResourcesBuildPhase;
			buildActionMask = 2147483647;
			files = (
			);
			runOnlyForDeploymentPostprocessing = 0;
		};
		753F6AC32F9AB84D00413ED0 /* Resources */ = {
			isa = PBXResourcesBuildPhase;
			buildActionMask = 2147483647;
			files = (
			);
			runOnlyForDeploymentPostprocessing = 0;
		};
		753F6ACD2F9AB84D00413ED0 /* Resources */ = {
			isa = PBXResourcesBuildPhase;
			buildActionMask = 2147483647;
			files = (
			);
			runOnlyForDeploymentPostprocessing = 0;
		};
/* End PBXResourcesBuildPhase section */

/* Begin PBXSourcesBuildPhase section */
		753F6AB22F9AB84C00413ED0 /* Sources */ = {
			isa = PBXSourcesBuildPhase;
			buildActionMask = 2147483647;
			files = (
			);
			runOnlyForDeploymentPostprocessing = 0;
		};
		753F6AC12F9AB84D00413ED0 /* Sources */ = {
			isa = PBXSourcesBuildPhase;
			buildActionMask = 2147483647;
			files = (
			);
			runOnlyForDeploymentPostprocessing = 0;
		};
		753F6ACB2F9AB84D00413ED0 /* Sources */ = {
			isa = PBXSourcesBuildPhase;
			buildActionMask = 2147483647;
			files = (
			);
			runOnlyForDeploymentPostprocessing = 0;
		};
/* End PBXSourcesBuildPhase section */

/* Begin PBXTargetDependency section */
		753F6AC72F9AB84D00413ED0 /* PBXTargetDependency */ = {
			isa = PBXTargetDependency;
			target = 753F6AB52F9AB84C00413ED0 /* VibeWindowManagerIOS */;
			targetProxy = 753F6AC62F9AB84D00413ED0 /* PBXContainerItemProxy */;
		};
		753F6AD12F9AB84D00413ED0 /* PBXTargetDependency */ = {
			isa = PBXTargetDependency;
			target = 753F6AB52F9AB84C00413ED0 /* VibeWindowManagerIOS */;
			targetProxy = 753F6AD02F9AB84D00413ED0 /* PBXContainerItemProxy */;
		};
/* End PBXTargetDependency section */

/* Begin XCBuildConfiguration section */
		753F6AD72F9AB84D00413ED0 /* Debug */ = {
			isa = XCBuildConfiguration;
			buildSettings = {
				ALWAYS_SEARCH_USER_PATHS = NO;
				ASSETCATALOG_COMPILER_GENERATE_SWIFT_ASSET_SYMBOL_EXTENSIONS = YES;
				CLANG_ANALYZER_NONNULL = YES;
				CLANG_ANALYZER_NUMBER_OBJECT_CONVERSION = YES_AGGRESSIVE;
				CLANG_CXX_LANGUAGE_STANDARD = "gnu++20";
				CLANG_ENABLE_MODULES = YES;
				CLANG_ENABLE_OBJC_ARC = YES;
				CLANG_ENABLE_OBJC_WEAK = YES;
				CLANG_WARN_BLOCK_CAPTURE_AUTORELEASING = YES;
				CLANG_WARN_BOOL_CONVERSION = YES;
				CLANG_WARN_COMMA = YES;
				CLANG_WARN_CONSTANT_CONVERSION = YES;
				CLANG_WARN_DEPRECATED_OBJC_IMPLEMENTATIONS = YES;
				CLANG_WARN_DIRECT_OBJC_ISA_USAGE = YES_ERROR;
				CLANG_WARN_DOCUMENTATION_COMMENTS = YES;
				CLANG_WARN_EMPTY_BODY = YES;
				CLANG_WARN_ENUM_CONVERSION = YES;
				CLANG_WARN_INFINITE_RECURSION = YES;
				CLANG_WARN_INT_CONVERSION = YES;
				CLANG_WARN_NON_LITERAL_NULL_CONVERSION = YES;
				CLANG_WARN_OBJC_IMPLICIT_RETAIN_SELF = YES;
				CLANG_WARN_OBJC_LITERAL_CONVERSION = YES;
				CLANG_WARN_OBJC_ROOT_CLASS = YES_ERROR;
				CLANG_WARN_QUOTED_INCLUDE_IN_FRAMEWORK_HEADER = YES;
				CLANG_WARN_RANGE_LOOP_ANALYSIS = YES;
				CLANG_WARN_STRICT_PROTOTYPES = YES;
				CLANG_WARN_SUSPICIOUS_MOVE = YES;
				CLANG_WARN_UNGUARDED_AVAILABILITY = YES_AGGRESSIVE;
				CLANG_WARN_UNREACHABLE_CODE = YES;
				CLANG_WARN__DUPLICATE_METHOD_MATCH = YES;
				COPY_PHASE_STRIP = NO;
				DEBUG_INFORMATION_FORMAT = dwarf;
				DEVELOPMENT_TEAM = Q9DB75DV7G;
				ENABLE_STRICT_OBJC_MSGSEND = YES;
				ENABLE_TESTABILITY = YES;
				ENABLE_USER_SCRIPT_SANDBOXING = YES;
				GCC_C_LANGUAGE_STANDARD = gnu17;
				GCC_DYNAMIC_NO_PIC = NO;
				GCC_NO_COMMON_BLOCKS = YES;
				GCC_OPTIMIZATION_LEVEL = 0;
				GCC_PREPROCESSOR_DEFINITIONS = (
					"DEBUG=1",
					"$(inherited)",
				);
				GCC_WARN_64_TO_32_BIT_CONVERSION = YES;
				GCC_WARN_ABOUT_RETURN_TYPE = YES_ERROR;
				GCC_WARN_UNDECLARED_SELECTOR = YES;
				GCC_WARN_UNINITIALIZED_AUTOS = YES_AGGRESSIVE;
				GCC_WARN_UNUSED_FUNCTION = YES;
				GCC_WARN_UNUSED_VARIABLE = YES;
				IPHONEOS_DEPLOYMENT_TARGET = 26.4;
				LOCALIZATION_PREFERS_STRING_CATALOGS = YES;
				MTL_ENABLE_DEBUG_INFO = INCLUDE_SOURCE;
				MTL_FAST_MATH = YES;
				ONLY_ACTIVE_ARCH = YES;
				SDKROOT = iphoneos;
				SWIFT_ACTIVE_COMPILATION_CONDITIONS = "DEBUG $(inherited)";
				SWIFT_OPTIMIZATION_LEVEL = "-Onone";
			};
			name = Debug;
		};
		753F6AD82F9AB84D00413ED0 /* Release */ = {
			isa = XCBuildConfiguration;
			buildSettings = {
				ALWAYS_SEARCH_USER_PATHS = NO;
				ASSETCATALOG_COMPILER_GENERATE_SWIFT_ASSET_SYMBOL_EXTENSIONS = YES;
				CLANG_ANALYZER_NONNULL = YES;
				CLANG_ANALYZER_NUMBER_OBJECT_CONVERSION = YES_AGGRESSIVE;
				CLANG_CXX_LANGUAGE_STANDARD = "gnu++20";
				CLANG_ENABLE_MODULES = YES;
				CLANG_ENABLE_OBJC_ARC = YES;
				CLANG_ENABLE_OBJC_WEAK = YES;
				CLANG_WARN_BLOCK_CAPTURE_AUTORELEASING = YES;
				CLANG_WARN_BOOL_CONVERSION = YES;
				CLANG_WARN_COMMA = YES;
				CLANG_WARN_CONSTANT_CONVERSION = YES;
				CLANG_WARN_DEPRECATED_OBJC_IMPLEMENTATIONS = YES;
				CLANG_WARN_DIRECT_OBJC_ISA_USAGE = YES_ERROR;
				CLANG_WARN_DOCUMENTATION_COMMENTS = YES;
				CLANG_WARN_EMPTY_BODY = YES;
				CLANG_WARN_ENUM_CONVERSION = YES;
				CLANG_WARN_INFINITE_RECURSION = YES;
				CLANG_WARN_INT_CONVERSION = YES;
				CLANG_WARN_NON_LITERAL_NULL_CONVERSION = YES;
				CLANG_WARN_OBJC_IMPLICIT_RETAIN_SELF = YES;
				CLANG_WARN_OBJC_LITERAL_CONVERSION = YES;
				CLANG_WARN_OBJC_ROOT_CLASS = YES_ERROR;
				CLANG_WARN_QUOTED_INCLUDE_IN_FRAMEWORK_HEADER = YES;
				CLANG_WARN_RANGE_LOOP_ANALYSIS = YES;
				CLANG_WARN_STRICT_PROTOTYPES = YES;
				CLANG_WARN_SUSPICIOUS_MOVE = YES;
				CLANG_WARN_UNGUARDED_AVAILABILITY = YES_AGGRESSIVE;
				CLANG_WARN_UNREACHABLE_CODE = YES;
				CLANG_WARN__DUPLICATE_METHOD_MATCH = YES;
				COPY_PHASE_STRIP = NO;
				DEBUG_INFORMATION_FORMAT = "dwarf-with-dsym";
				DEVELOPMENT_TEAM = Q9DB75DV7G;
				ENABLE_NS_ASSERTIONS = NO;
				ENABLE_STRICT_OBJC_MSGSEND = YES;
				ENABLE_USER_SCRIPT_SANDBOXING = YES;
				GCC_C_LANGUAGE_STANDARD = gnu17;
				GCC_NO_COMMON_BLOCKS = YES;
				GCC_WARN_64_TO_32_BIT_CONVERSION = YES;
				GCC_WARN_ABOUT_RETURN_TYPE = YES_ERROR;
				GCC_WARN_UNDECLARED_SELECTOR = YES;
				GCC_WARN_UNINITIALIZED_AUTOS = YES_AGGRESSIVE;
				GCC_WARN_UNUSED_FUNCTION = YES;
				GCC_WARN_UNUSED_VARIABLE = YES;
				IPHONEOS_DEPLOYMENT_TARGET = 26.4;
				LOCALIZATION_PREFERS_STRING_CATALOGS = YES;
				MTL_ENABLE_DEBUG_INFO = NO;
				MTL_FAST_MATH = YES;
				SDKROOT = iphoneos;
				SWIFT_COMPILATION_MODE = wholemodule;
				VALIDATE_PRODUCT = YES;
			};
			name = Release;
		};
		753F6ADA2F9AB84D00413ED0 /* Debug */ = {
			isa = XCBuildConfiguration;
			buildSettings = {
				ASSETCATALOG_COMPILER_APPICON_NAME = AppIcon;
				ASSETCATALOG_COMPILER_GLOBAL_ACCENT_COLOR_NAME = AccentColor;
				CODE_SIGN_STYLE = Automatic;
				CURRENT_PROJECT_VERSION = 1;
				DEVELOPMENT_TEAM = Q9DB75DV7G;
				ENABLE_PREVIEWS = YES;
				GENERATE_INFOPLIST_FILE = YES;
				INFOPLIST_KEY_NSBonjourServices = _vibewm._tcp;
				INFOPLIST_KEY_NSLocalNetworkUsageDescription = "Connect to VibeWindowManager on your Mac to mirror window layout.";
				INFOPLIST_KEY_NSMicrophoneUsageDescription = "Send voice to the Mac for terminal typing (push-to-talk).";
				INFOPLIST_KEY_UIApplicationSceneManifest_Generation = YES;
				INFOPLIST_KEY_UIApplicationSupportsIndirectInputEvents = YES;
				INFOPLIST_KEY_UILaunchScreen_Generation = YES;
				INFOPLIST_KEY_UISupportedInterfaceOrientations_iPad = "UIInterfaceOrientationLandscapeLeft UIInterfaceOrientationLandscapeRight";
				INFOPLIST_KEY_UISupportedInterfaceOrientations_iPhone = "UIInterfaceOrientationLandscapeLeft UIInterfaceOrientationLandscapeRight";
				IPHONEOS_DEPLOYMENT_TARGET = 26.3;
				LD_RUNPATH_SEARCH_PATHS = (
					"$(inherited)",
					"@executable_path/Frameworks",
				);
				MARKETING_VERSION = 1.0;
				PRODUCT_BUNDLE_IDENTIFIER = com.thomasguntenaar.VibeWindowManagerIOS;
				PRODUCT_NAME = "$(TARGET_NAME)";
				STRING_CATALOG_GENERATE_SYMBOLS = YES;
				SWIFT_APPROACHABLE_CONCURRENCY = YES;
				SWIFT_DEFAULT_ACTOR_ISOLATION = MainActor;
				SWIFT_EMIT_LOC_STRINGS = YES;
				SWIFT_UPCOMING_FEATURE_MEMBER_IMPORT_VISIBILITY = YES;
				SWIFT_VERSION = 5.0;
				TARGETED_DEVICE_FAMILY = "1,2";
			};
			name = Debug;
		};
		753F6ADB2F9AB84D00413ED0 /* Release */ = {
			isa = XCBuildConfiguration;
			buildSettings = {
				ASSETCATALOG_COMPILER_APPICON_NAME = AppIcon;
				ASSETCATALOG_COMPILER_GLOBAL_ACCENT_COLOR_NAME = AccentColor;
				CODE_SIGN_STYLE = Automatic;
				CURRENT_PROJECT_VERSION = 1;
				DEVELOPMENT_TEAM = Q9DB75DV7G;
				ENABLE_PREVIEWS = YES;
				GENERATE_INFOPLIST_FILE = YES;
				INFOPLIST_KEY_NSBonjourServices = _vibewm._tcp;
				INFOPLIST_KEY_NSLocalNetworkUsageDescription = "Connect to VibeWindowManager on your Mac to mirror window layout.";
				INFOPLIST_KEY_NSMicrophoneUsageDescription = "Send voice to the Mac for terminal typing (push-to-talk).";
				INFOPLIST_KEY_UIApplicationSceneManifest_Generation = YES;
				INFOPLIST_KEY_UIApplicationSupportsIndirectInputEvents = YES;
				INFOPLIST_KEY_UILaunchScreen_Generation = YES;
				INFOPLIST_KEY_UISupportedInterfaceOrientations_iPad = "UIInterfaceOrientationLandscapeLeft UIInterfaceOrientationLandscapeRight";
				INFOPLIST_KEY_UISupportedInterfaceOrientations_iPhone = "UIInterfaceOrientationLandscapeLeft UIInterfaceOrientationLandscapeRight";
				IPHONEOS_DEPLOYMENT_TARGET = 26.3;
				LD_RUNPATH_SEARCH_PATHS = (
					"$(inherited)",
					"@executable_path/Frameworks",
				);
				MARKETING_VERSION = 1.0;
				PRODUCT_BUNDLE_IDENTIFIER = com.thomasguntenaar.VibeWindowManagerIOS;
				PRODUCT_NAME = "$(TARGET_NAME)";
				STRING_CATALOG_GENERATE_SYMBOLS = YES;
				SWIFT_APPROACHABLE_CONCURRENCY = YES;
				SWIFT_DEFAULT_ACTOR_ISOLATION = MainActor;
				SWIFT_EMIT_LOC_STRINGS = YES;
				SWIFT_UPCOMING_FEATURE_MEMBER_IMPORT_VISIBILITY = YES;
				SWIFT_VERSION = 5.0;
				TARGETED_DEVICE_FAMILY = "1,2";
			};
			name = Release;
		};
		753F6ADD2F9AB84D00413ED0 /* Debug */ = {
			isa = XCBuildConfiguration;
			buildSettings = {
				BUNDLE_LOADER = "$(TEST_HOST)";
				CODE_SIGN_STYLE = Automatic;
				CURRENT_PROJECT_VERSION = 1;
				DEVELOPMENT_TEAM = Q9DB75DV7G;
				GENERATE_INFOPLIST_FILE = YES;
				IPHONEOS_DEPLOYMENT_TARGET = 26.4;
				MARKETING_VERSION = 1.0;
				PRODUCT_BUNDLE_IDENTIFIER = com.thomasguntenaar.VibeWindowManagerIOSTests;
				PRODUCT_NAME = "$(TARGET_NAME)";
				STRING_CATALOG_GENERATE_SYMBOLS = NO;
				SWIFT_APPROACHABLE_CONCURRENCY = YES;
				SWIFT_EMIT_LOC_STRINGS = NO;
				SWIFT_UPCOMING_FEATURE_MEMBER_IMPORT_VISIBILITY = YES;
				SWIFT_VERSION = 5.0;
				TARGETED_DEVICE_FAMILY = "1,2";
				TEST_HOST = "$(BUILT_PRODUCTS_DIR)/VibeWindowManagerIOS.app/$(BUNDLE_EXECUTABLE_FOLDER_PATH)/VibeWindowManagerIOS";
			};
			name = Debug;
		};
		753F6ADE2F9AB84D00413ED0 /* Release */ = {
			isa = XCBuildConfiguration;
			buildSettings = {
				BUNDLE_LOADER = "$(TEST_HOST)";
				CODE_SIGN_STYLE = Automatic;
				CURRENT_PROJECT_VERSION = 1;
				DEVELOPMENT_TEAM = Q9DB75DV7G;
				GENERATE_INFOPLIST_FILE = YES;
				IPHONEOS_DEPLOYMENT_TARGET = 26.4;
				MARKETING_VERSION = 1.0;
				PRODUCT_BUNDLE_IDENTIFIER = com.thomasguntenaar.VibeWindowManagerIOSTests;
				PRODUCT_NAME = "$(TARGET_NAME)";
				STRING_CATALOG_GENERATE_SYMBOLS = NO;
				SWIFT_APPROACHABLE_CONCURRENCY = YES;
				SWIFT_EMIT_LOC_STRINGS = NO;
				SWIFT_UPCOMING_FEATURE_MEMBER_IMPORT_VISIBILITY = YES;
				SWIFT_VERSION = 5.0;
				TARGETED_DEVICE_FAMILY = "1,2";
				TEST_HOST = "$(BUILT_PRODUCTS_DIR)/VibeWindowManagerIOS.app/$(BUNDLE_EXECUTABLE_FOLDER_PATH)/VibeWindowManagerIOS";
			};
			name = Release;
		};
		753F6AE02F9AB84D00413ED0 /* Debug */ = {
			isa = XCBuildConfiguration;
			buildSettings = {
				CODE_SIGN_STYLE = Automatic;
				CURRENT_PROJECT_VERSION = 1;
				DEVELOPMENT_TEAM = Q9DB75DV7G;
				GENERATE_INFOPLIST_FILE = YES;
				MARKETING_VERSION = 1.0;
				PRODUCT_BUNDLE_IDENTIFIER = com.thomasguntenaar.VibeWindowManagerIOSUITests;
				PRODUCT_NAME = "$(TARGET_NAME)";
				STRING_CATALOG_GENERATE_SYMBOLS = NO;
				SWIFT_APPROACHABLE_CONCURRENCY = YES;
				SWIFT_EMIT_LOC_STRINGS = NO;
				SWIFT_UPCOMING_FEATURE_MEMBER_IMPORT_VISIBILITY = YES;
				SWIFT_VERSION = 5.0;
				TARGETED_DEVICE_FAMILY = "1,2";
				TEST_TARGET_NAME = VibeWindowManagerIOS;
			};
			name = Debug;
		};
		753F6AE12F9AB84D00413ED0 /* Release */ = {
			isa = XCBuildConfiguration;
			buildSettings = {
				CODE_SIGN_STYLE = Automatic;
				CURRENT_PROJECT_VERSION = 1;
				DEVELOPMENT_TEAM = Q9DB75DV7G;
				GENERATE_INFOPLIST_FILE = YES;
				MARKETING_VERSION = 1.0;
				PRODUCT_BUNDLE_IDENTIFIER = com.thomasguntenaar.VibeWindowManagerIOSUITests;
				PRODUCT_NAME = "$(TARGET_NAME)";
				STRING_CATALOG_GENERATE_SYMBOLS = NO;
				SWIFT_APPROACHABLE_CONCURRENCY = YES;
				SWIFT_EMIT_LOC_STRINGS = NO;
				SWIFT_UPCOMING_FEATURE_MEMBER_IMPORT_VISIBILITY = YES;
				SWIFT_VERSION = 5.0;
				TARGETED_DEVICE_FAMILY = "1,2";
				TEST_TARGET_NAME = VibeWindowManagerIOS;
			};
			name = Release;
		};
/* End XCBuildConfiguration section */

/* Begin XCConfigurationList section */
		753F6AB12F9AB84C00413ED0 /* Build configuration list for PBXProject "VibeWindowManagerIOS" */ = {
			isa = XCConfigurationList;
			buildConfigurations = (
				753F6AD72F9AB84D00413ED0 /* Debug */,
				753F6AD82F9AB84D00413ED0 /* Release */,
			);
			defaultConfigurationIsVisible = 0;
			defaultConfigurationName = Release;
		};
		753F6AD92F9AB84D00413ED0 /* Build configuration list for PBXNativeTarget "VibeWindowManagerIOS" */ = {
			isa = XCConfigurationList;
			buildConfigurations = (
				753F6ADA2F9AB84D00413ED0 /* Debug */,
				753F6ADB2F9AB84D00413ED0 /* Release */,
			);
			defaultConfigurationIsVisible = 0;
			defaultConfigurationName = Release;
		};
		753F6ADC2F9AB84D00413ED0 /* Build configuration list for PBXNativeTarget "VibeWindowManagerIOSTests" */ = {
			isa = XCConfigurationList;
			buildConfigurations = (
				753F6ADD2F9AB84D00413ED0 /* Debug */,
				753F6ADE2F9AB84D00413ED0 /* Release */,
			);
			defaultConfigurationIsVisible = 0;
			defaultConfigurationName = Release;
		};
		753F6ADF2F9AB84D00413ED0 /* Build configuration list for PBXNativeTarget "VibeWindowManagerIOSUITests" */ = {
			isa = XCConfigurationList;
			buildConfigurations = (
				753F6AE02F9AB84D00413ED0 /* Debug */,
				753F6AE12F9AB84D00413ED0 /* Release */,
			);
			defaultConfigurationIsVisible = 0;
			defaultConfigurationName = Release;
		};
/* End XCConfigurationList section */
	};
	rootObject = 753F6AAE2F9AB84C00413ED0 /* Project object */;
}
